
Microsoft Visual Studio Solution File, Format Version 12.00
Project("{FAE04EC0-301F-11D3-BF4B-00C04F79EFBC}") = "FitManager-Web-Services", "FitManager-Web-Services\FitManager-Web-Services.csproj", "{FDE9CF7D-F1EB-457E-B4FA-4F5858A827D3}"
EndProject
Global
	GlobalSection(SolutionConfigurationPlatforms) = preSolution
		Debug|Any CPU = Debug|Any CPU
		Release|Any CPU = Release|Any CPU
	EndGlobalSection
	GlobalSection(ProjectConfigurationPlatforms) = postSolution
		{FDE9CF7D-F1EB-457E-B4FA-4F5858A827D3}.Debug|Any CPU.ActiveCfg = Debug|Any CPU
		{FDE9CF7D-F1EB-457E-B4FA-4F5858A827D3}.Debug|Any CPU.Build.0 = Debug|Any CPU
		{FDE9CF7D-F1EB-457E-B4FA-4F5858A827D3}.Release|Any CPU.ActiveCfg = Release|Any CPU
		{FDE9CF7D-F1EB-457E-B4FA-4F5858A827D3}.Release|Any CPU.Build.0 = Release|Any CPU
	EndGlobalSection
EndGlobal
